// !$*UTF8*$!
{
	archiveVersion = 1;
	classes = {
	};
	objectVersion = 50;
	objects = {

/* Begin PBXBuildFile section */
		DD2B0F1F21433E3800D6A1CE /* NovelSystem.cpp in Sources */ = {isa = PBXBuildFile; fileRef = DD2B0F1D21433E3800D6A1CE /* NovelSystem.cpp */; };
		DD2B0F222143462A00D6A1CE /* EssentialComponents.cpp in Sources */ = {isa = PBXBuildFile; fileRef = DD2B0F202143462A00D6A1CE /* EssentialComponents.cpp */; };
		DD573E102139C32900F9FFF5 /* Novels in Resources */ = {isa = PBXBuildFile; fileRef = DD573E0E2139C32900F9FFF5 /* Novels */; };
		DD573E112139C32900F9FFF5 /* Data in Resources */ = {isa = PBXBuildFile; fileRef = DD573E0F2139C32900F9FFF5 /* Data */; };
		DD7C8CA42147D2A30040CB24 /* GUI.cpp in Sources */ = {isa = PBXBuildFile; fileRef = DD7C8CA22147D2A30040CB24 /* GUI.cpp */; };
		DD7C8CA72147D2C50040CB24 /* Audio.cpp in Sources */ = {isa = PBXBuildFile; fileRef = DD7C8CA52147D2C50040CB24 /* Audio.cpp */; };
		DD7C8CAA2147DC080040CB24 /* Dialogue.cpp in Sources */ = {isa = PBXBuildFile; fileRef = DD7C8CA82147DC080040CB24 /* Dialogue.cpp */; };
		DD7C8CAD2147DC410040CB24 /* Background.cpp in Sources */ = {isa = PBXBuildFile; fileRef = DD7C8CAB2147DC410040CB24 /* Background.cpp */; };
		DD7C8CB02147E11F0040CB24 /* Misc.cpp in Sources */ = {isa = PBXBuildFile; fileRef = DD7C8CAE2147E11F0040CB24 /* Misc.cpp */; };
		DD7C8CB22147E6930040CB24 /* NovelLibrary.cpp in Sources */ = {isa = PBXBuildFile; fileRef = DD7C8CB12147E6930040CB24 /* NovelLibrary.cpp */; };
		DD7C8CB42147E6D70040CB24 /* NovelUpdate.cpp in Sources */ = {isa = PBXBuildFile; fileRef = DD7C8CB32147E6D70040CB24 /* NovelUpdate.cpp */; };
		DD7C8CB721483F6C0040CB24 /* Character.cpp in Sources */ = {isa = PBXBuildFile; fileRef = DD7C8CB521483F6C0040CB24 /* Character.cpp */; };
		DD849AF42138B68F00FAFD15 /* Novel.cpp in Sources */ = {isa = PBXBuildFile; fileRef = DD849AF22138B68F00FAFD15 /* Novel.cpp */; };
		DD849AFA2139452100FAFD15 /* Base.cpp in Sources */ = {isa = PBXBuildFile; fileRef = DD849AF82139452100FAFD15 /* Base.cpp */; };
		DD849AFC2139695E00FAFD15 /* ResourcePath.cpp in Sources */ = {isa = PBXBuildFile; fileRef = DD849AFB2139695E00FAFD15 /* ResourcePath.cpp */; };
		DD849B102139725C00FAFD15 /* NovelSomeScript.cpp in Sources */ = {isa = PBXBuildFile; fileRef = DD849B0E2139725C00FAFD15 /* NovelSomeScript.cpp */; };
		DD849B122139959800FAFD15 /* Images.xcassets in Resources */ = {isa = PBXBuildFile; fileRef = DD849B112139959800FAFD15 /* Images.xcassets */; };
		DDA8934A213C950E00D8EF7B /* List.cpp in Sources */ = {isa = PBXBuildFile; fileRef = DDA89349213C950E00D8EF7B /* List.cpp */; };
		DDC61FA82132A5E4000A23A6 /* EntitySystem.cpp in Sources */ = {isa = PBXBuildFile; fileRef = DDC61FA62132A5E4000A23A6 /* EntitySystem.cpp */; };
		DDC61FAE2132AA1F000A23A6 /* TestComponents.cpp in Sources */ = {isa = PBXBuildFile; fileRef = DDC61FAC2132AA1F000A23A6 /* TestComponents.cpp */; };
		DDC61FB1213347B6000A23A6 /* StaticMethods.cpp in Sources */ = {isa = PBXBuildFile; fileRef = DDC61FAF213347B6000A23A6 /* StaticMethods.cpp */; };
		DDD09888212A1FCD00E58C1F /* ResourcePath.mm in Sources */ = {isa = PBXBuildFile; fileRef = DDD09887212A1FCD00E58C1F /* ResourcePath.mm */; };
		DDD0988B212A1FCD00E58C1F /* main.cpp in Sources */ = {isa = PBXBuildFile; fileRef = DDD0988A212A1FCD00E58C1F /* main.cpp */; };
/* End PBXBuildFile section */

/* Begin PBXFileReference section */
		DD2B0F1D21433E3800D6A1CE /* NovelSystem.cpp */ = {isa = PBXFileReference; lastKnownFileType = sourcecode.cpp.cpp; path = NovelSystem.cpp; sourceTree = "<group>"; };
		DD2B0F1E21433E3800D6A1CE /* NovelSystem.hpp */ = {isa = PBXFileReference; lastKnownFileType = sourcecode.cpp.h; path = NovelSystem.hpp; sourceTree = "<group>"; };
		DD2B0F202143462A00D6A1CE /* EssentialComponents.cpp */ = {isa = PBXFileReference; lastKnownFileType = sourcecode.cpp.cpp; path = EssentialComponents.cpp; sourceTree = "<group>"; };
		DD2B0F212143462A00D6A1CE /* EssentialComponents.hpp */ = {isa = PBXFileReference; lastKnownFileType = sourcecode.cpp.h; path = EssentialComponents.hpp; sourceTree = "<group>"; };
		DD2B0F232143A3A900D6A1CE /* versionhelpers.h */ = {isa = PBXFileReference; fileEncoding = 4; lastKnownFileType = sourcecode.c.h; path = versionhelpers.h; sourceTree = "<group>"; };
		DD573E0E2139C32900F9FFF5 /* Novels */ = {isa = PBXFileReference; lastKnownFileType = folder; name = Novels; path = Resources/Novels; sourceTree = "<group>"; };
		DD573E0F2139C32900F9FFF5 /* Data */ = {isa = PBXFileReference; lastKnownFileType = folder; name = Data; path = Resources/Data; sourceTree = "<group>"; };
		DD7C8CA22147D2A30040CB24 /* GUI.cpp */ = {isa = PBXFileReference; lastKnownFileType = sourcecode.cpp.cpp; path = GUI.cpp; sourceTree = "<group>"; };
		DD7C8CA52147D2C50040CB24 /* Audio.cpp */ = {isa = PBXFileReference; lastKnownFileType = sourcecode.cpp.cpp; path = Audio.cpp; sourceTree = "<group>"; };
		DD7C8CA82147DC080040CB24 /* Dialogue.cpp */ = {isa = PBXFileReference; lastKnownFileType = sourcecode.cpp.cpp; path = Dialogue.cpp; sourceTree = "<group>"; };
		DD7C8CAB2147DC410040CB24 /* Background.cpp */ = {isa = PBXFileReference; lastKnownFileType = sourcecode.cpp.cpp; path = Background.cpp; sourceTree = "<group>"; };
		DD7C8CAE2147E11F0040CB24 /* Misc.cpp */ = {isa = PBXFileReference; lastKnownFileType = sourcecode.cpp.cpp; path = Misc.cpp; sourceTree = "<group>"; };
		DD7C8CB12147E6930040CB24 /* NovelLibrary.cpp */ = {isa = PBXFileReference; lastKnownFileType = sourcecode.cpp.cpp; path = NovelLibrary.cpp; sourceTree = "<group>"; };
		DD7C8CB32147E6D70040CB24 /* NovelUpdate.cpp */ = {isa = PBXFileReference; lastKnownFileType = sourcecode.cpp.cpp; path = NovelUpdate.cpp; sourceTree = "<group>"; };
		DD7C8CB521483F6C0040CB24 /* Character.cpp */ = {isa = PBXFileReference; lastKnownFileType = sourcecode.cpp.cpp; path = Character.cpp; sourceTree = "<group>"; };
		DD849AF22138B68F00FAFD15 /* Novel.cpp */ = {isa = PBXFileReference; lastKnownFileType = sourcecode.cpp.cpp; path = Novel.cpp; sourceTree = "<group>"; };
		DD849AF32138B68F00FAFD15 /* Novel.hpp */ = {isa = PBXFileReference; lastKnownFileType = sourcecode.cpp.h; path = Novel.hpp; sourceTree = "<group>"; };
		DD849AF82139452100FAFD15 /* Base.cpp */ = {isa = PBXFileReference; lastKnownFileType = sourcecode.cpp.cpp; path = Base.cpp; sourceTree = "<group>"; };
		DD849AF92139452100FAFD15 /* Base.hpp */ = {isa = PBXFileReference; lastKnownFileType = sourcecode.cpp.h; path = Base.hpp; sourceTree = "<group>"; };
		DD849AFB2139695E00FAFD15 /* ResourcePath.cpp */ = {isa = PBXFileReference; lastKnownFileType = sourcecode.cpp.cpp; path = ResourcePath.cpp; sourceTree = "<group>"; };
		DD849B0E2139725C00FAFD15 /* NovelSomeScript.cpp */ = {isa = PBXFileReference; lastKnownFileType = sourcecode.cpp.cpp; path = NovelSomeScript.cpp; sourceTree = "<group>"; };
		DD849B0F2139725C00FAFD15 /* NovelSomeScript.hpp */ = {isa = PBXFileReference; lastKnownFileType = sourcecode.cpp.h; path = NovelSomeScript.hpp; sourceTree = "<group>"; };
		DD849B112139959800FAFD15 /* Images.xcassets */ = {isa = PBXFileReference; lastKnownFileType = folder.assetcatalog; path = Images.xcassets; sourceTree = "<group>"; };
		DDA89349213C950E00D8EF7B /* List.cpp */ = {isa = PBXFileReference; lastKnownFileType = sourcecode.cpp.cpp; path = List.cpp; sourceTree = "<group>"; };
		DDBD63BB214F05CA0007495E /* libmpg123-mac.a */ = {isa = PBXFileReference; lastKnownFileType = archive.ar; name = "libmpg123-mac.a"; path = "../../../Includes (macOS)/libmpg123-mac.a"; sourceTree = "<group>"; };
		DDC61FA62132A5E4000A23A6 /* EntitySystem.cpp */ = {isa = PBXFileReference; lastKnownFileType = sourcecode.cpp.cpp; path = EntitySystem.cpp; sourceTree = "<group>"; };
		DDC61FA72132A5E4000A23A6 /* EntitySystem.hpp */ = {isa = PBXFileReference; lastKnownFileType = sourcecode.cpp.h; path = EntitySystem.hpp; sourceTree = "<group>"; };
		DDC61FAA2132A60D000A23A6 /* List.hpp */ = {isa = PBXFileReference; lastKnownFileType = sourcecode.cpp.h; path = List.hpp; sourceTree = "<group>"; };
		DDC61FAC2132AA1F000A23A6 /* TestComponents.cpp */ = {isa = PBXFileReference; lastKnownFileType = sourcecode.cpp.cpp; path = TestComponents.cpp; sourceTree = "<group>"; };
		DDC61FAD2132AA1F000A23A6 /* TestComponents.hpp */ = {isa = PBXFileReference; lastKnownFileType = sourcecode.cpp.h; path = TestComponents.hpp; sourceTree = "<group>"; };
		DDC61FAF213347B6000A23A6 /* StaticMethods.cpp */ = {isa = PBXFileReference; lastKnownFileType = sourcecode.cpp.cpp; path = StaticMethods.cpp; sourceTree = "<group>"; };
		DDC61FB0213347B6000A23A6 /* StaticMethods.hpp */ = {isa = PBXFileReference; lastKnownFileType = sourcecode.cpp.h; path = StaticMethods.hpp; sourceTree = "<group>"; };
		DDD09882212A1FCD00E58C1F /* NovelSome.app */ = {isa = PBXFileReference; explicitFileType = wrapper.application; includeInIndex = 0; path = NovelSome.app; sourceTree = BUILT_PRODUCTS_DIR; };
		DDD09886212A1FCD00E58C1F /* NovelSome-Info.plist */ = {isa = PBXFileReference; lastKnownFileType = text.plist.xml; path = "NovelSome-Info.plist"; sourceTree = "<group>"; };
		DDD09887212A1FCD00E58C1F /* ResourcePath.mm */ = {isa = PBXFileReference; lastKnownFileType = sourcecode.cpp.objcpp; path = ResourcePath.mm; sourceTree = "<group>"; };
		DDD09889212A1FCD00E58C1F /* ResourcePath.hpp */ = {isa = PBXFileReference; lastKnownFileType = sourcecode.cpp.h; path = ResourcePath.hpp; sourceTree = "<group>"; };
		DDD0988A212A1FCD00E58C1F /* main.cpp */ = {isa = PBXFileReference; lastKnownFileType = sourcecode.cpp.cpp; path = main.cpp; sourceTree = "<group>"; };
/* End PBXFileReference section */

/* Begin PBXFrameworksBuildPhase section */
		DDD0987E212A1FCD00E58C1F /* Frameworks */ = {
			isa = PBXFrameworksBuildPhase;
			buildActionMask = 2147483647;
			files = (
			);
			runOnlyForDeploymentPostprocessing = 0;
		};
/* End PBXFrameworksBuildPhase section */

/* Begin PBXGroup section */
		DD573E0D2139C2DC00F9FFF5 /* Resources */ = {
			isa = PBXGroup;
			children = (
				DDD0988C212A1FCD00E58C1F /* Resources */,
				DD849B112139959800FAFD15 /* Images.xcassets */,
			);
			path = Resources;
			sourceTree = "<group>";
		};
		DD7C8CA12147D24A0040CB24 /* NovelComponents */ = {
			isa = PBXGroup;
			children = (
				DD849AF32138B68F00FAFD15 /* Novel.hpp */,
				DD849AF22138B68F00FAFD15 /* Novel.cpp */,
				DD7C8CB32147E6D70040CB24 /* NovelUpdate.cpp */,
				DD7C8CB12147E6930040CB24 /* NovelLibrary.cpp */,
				DD7C8CA52147D2C50040CB24 /* Audio.cpp */,
				DD7C8CAB2147DC410040CB24 /* Background.cpp */,
				DD7C8CB521483F6C0040CB24 /* Character.cpp */,
				DD7C8CA82147DC080040CB24 /* Dialogue.cpp */,
				DD7C8CA22147D2A30040CB24 /* GUI.cpp */,
				DD7C8CAE2147E11F0040CB24 /* Misc.cpp */,
			);
			path = NovelComponents;
			sourceTree = "<group>";
		};
		DD849AF72139450C00FAFD15 /* Essentials */ = {
			isa = PBXGroup;
			children = (
				DDD09887212A1FCD00E58C1F /* ResourcePath.mm */,
				DD849AFB2139695E00FAFD15 /* ResourcePath.cpp */,
				DDD09889212A1FCD00E58C1F /* ResourcePath.hpp */,
				DD849AF82139452100FAFD15 /* Base.cpp */,
				DD849AF92139452100FAFD15 /* Base.hpp */,
				DD2B0F232143A3A900D6A1CE /* versionhelpers.h */,
			);
			path = Essentials;
			sourceTree = "<group>";
		};
		DDBD63BA214F05CA0007495E /* Frameworks */ = {
			isa = PBXGroup;
			children = (
				DDBD63BB214F05CA0007495E /* libmpg123-mac.a */,
			);
			name = Frameworks;
			sourceTree = "<group>";
		};
		DDC61FA42132A56A000A23A6 /* Engine */ = {
			isa = PBXGroup;
			children = (
				DDC61FA62132A5E4000A23A6 /* EntitySystem.cpp */,
				DDC61FA72132A5E4000A23A6 /* EntitySystem.hpp */,
				DDA89349213C950E00D8EF7B /* List.cpp */,
				DDC61FAA2132A60D000A23A6 /* List.hpp */,
				DDC61FAF213347B6000A23A6 /* StaticMethods.cpp */,
				DDC61FB0213347B6000A23A6 /* StaticMethods.hpp */,
				DD849B0E2139725C00FAFD15 /* NovelSomeScript.cpp */,
				DD849B0F2139725C00FAFD15 /* NovelSomeScript.hpp */,
				DD2B0F1D21433E3800D6A1CE /* NovelSystem.cpp */,
				DD2B0F1E21433E3800D6A1CE /* NovelSystem.hpp */,
			);
			path = Engine;
			sourceTree = "<group>";
		};
		DDC61FA52132A591000A23A6 /* Components */ = {
			isa = PBXGroup;
			children = (
				DD7C8CA12147D24A0040CB24 /* NovelComponents */,
				DDC61FAC2132AA1F000A23A6 /* TestComponents.cpp */,
				DDC61FAD2132AA1F000A23A6 /* TestComponents.hpp */,
				DD2B0F202143462A00D6A1CE /* EssentialComponents.cpp */,
				DD2B0F212143462A00D6A1CE /* EssentialComponents.hpp */,
			);
			path = Components;
			sourceTree = "<group>";
		};
		DDD09878212A1FCD00E58C1F = {
			isa = PBXGroup;
			children = (
				DDD09884212A1FCD00E58C1F /* NovelSome */,
				DDD09883212A1FCD00E58C1F /* Products */,
				DDBD63BA214F05CA0007495E /* Frameworks */,
			);
			sourceTree = "<group>";
		};
		DDD09883212A1FCD00E58C1F /* Products */ = {
			isa = PBXGroup;
			children = (
				DDD09882212A1FCD00E58C1F /* NovelSome.app */,
			);
			name = Products;
			sourceTree = "<group>";
		};
		DDD09884212A1FCD00E58C1F /* NovelSome */ = {
			isa = PBXGroup;
			children = (
				DDD0988A212A1FCD00E58C1F /* main.cpp */,
				DD849AF72139450C00FAFD15 /* Essentials */,
				DDC61FA42132A56A000A23A6 /* Engine */,
				DDC61FA52132A591000A23A6 /* Components */,
				DDD09885212A1FCD00E58C1F /* Supporting Files */,
				DD573E0D2139C2DC00F9FFF5 /* Resources */,
			);
			path = NovelSome;
			sourceTree = "<group>";
		};
		DDD09885212A1FCD00E58C1F /* Supporting Files */ = {
			isa = PBXGroup;
			children = (
				DDD09886212A1FCD00E58C1F /* NovelSome-Info.plist */,
			);
			name = "Supporting Files";
			sourceTree = "<group>";
		};
		DDD0988C212A1FCD00E58C1F /* Resources */ = {
			isa = PBXGroup;
			children = (
				DD573E0F2139C32900F9FFF5 /* Data */,
				DD573E0E2139C32900F9FFF5 /* Novels */,
			);
			name = Resources;
			path = ..;
			sourceTree = "<group>";
		};
/* End PBXGroup section */

/* Begin PBXNativeTarget section */
		DDD09881212A1FCD00E58C1F /* NovelSome */ = {
			isa = PBXNativeTarget;
			buildConfigurationList = DDD09897212A1FCD00E58C1F /* Build configuration list for PBXNativeTarget "NovelSome" */;
			buildPhases = (
				DDD0987D212A1FCD00E58C1F /* Sources */,
				DDD0987E212A1FCD00E58C1F /* Frameworks */,
				DDD0987F212A1FCD00E58C1F /* Resources */,
				DDD09880212A1FCD00E58C1F /* ShellScript */,
			);
			buildRules = (
			);
			dependencies = (
			);
			name = NovelSome;
			productName = NovelSome;
			productReference = DDD09882212A1FCD00E58C1F /* NovelSome.app */;
			productType = "com.apple.product-type.application";
		};
/* End PBXNativeTarget section */

/* Begin PBXProject section */
		DDD09879212A1FCD00E58C1F /* Project object */ = {
			isa = PBXProject;
			attributes = {
				LastUpgradeCheck = 1000;
				ORGANIZATIONNAME = "Melanholy Hill";
				TargetAttributes = {
					DDD09881212A1FCD00E58C1F = {
						CreatedOnToolsVersion = 10.0;
					};
				};
			};
			buildConfigurationList = DDD0987C212A1FCD00E58C1F /* Build configuration list for PBXProject "NovelSome" */;
			compatibilityVersion = "Xcode 9.3";
			developmentRegion = en;
			hasScannedForEncodings = 0;
			knownRegions = (
				en,
			);
			mainGroup = DDD09878212A1FCD00E58C1F;
			productRefGroup = DDD09883212A1FCD00E58C1F /* Products */;
			projectDirPath = "";
			projectRoot = "";
			targets = (
				DDD09881212A1FCD00E58C1F /* NovelSome */,
			);
		};
/* End PBXProject section */

/* Begin PBXResourcesBuildPhase section */
		DDD0987F212A1FCD00E58C1F /* Resources */ = {
			isa = PBXResourcesBuildPhase;
			buildActionMask = 2147483647;
			files = (
				DD849B122139959800FAFD15 /* Images.xcassets in Resources */,
				DD573E102139C32900F9FFF5 /* Novels in Resources */,
				DD573E112139C32900F9FFF5 /* Data in Resources */,
			);
			runOnlyForDeploymentPostprocessing = 0;
		};
/* End PBXResourcesBuildPhase section */

/* Begin PBXShellScriptBuildPhase section */
		DDD09880212A1FCD00E58C1F /* ShellScript */ = {
			isa = PBXShellScriptBuildPhase;
			buildActionMask = 2147483647;
			files = (
			);
			inputFileListPaths = (
			);
			inputPaths = (
			);
			outputFileListPaths = (
			);
			outputPaths = (
			);
			runOnlyForDeploymentPostprocessing = 0;
			shellPath = /bin/sh;
			shellScript = "# This shell script simply copies required SFML dylibs/frameworks into the application bundle frameworks folder.\n# If you're using static libraries (which is not recommended) you should remove this script from your project.\n\n# SETTINGS\nSFML_DEPENDENCIES_INSTALL_PREFIX=\"/Library/Frameworks\"\nCMAKE_INSTALL_FRAMEWORK_PREFIX=\"/Library/Frameworks\"\nCMAKE_INSTALL_LIB_PREFIX=\"/usr/local/lib\"\nFRAMEWORKS_FULL_PATH=\"$BUILT_PRODUCTS_DIR/$FRAMEWORKS_FOLDER_PATH/\"\n\n# Are we building a project that uses frameworks or dylibs?\ncase \"$SFML_BINARY_TYPE\" in\n    DYLIBS)\n        frameworks=\"false\"\n        ;;\n    *)\n        frameworks=\"true\"\n        ;;\nesac\n\n# Echoes to stderr\nerror () # $* message to display\n{\n    echo $* 1>&2\n    exit 2\n}\n\nassert () # $1 is a boolean, $2...N is an error message\n{\n    if [ $# -lt 2 ]\n    then\n        error \"Internal error in assert: not enough args\"\n    fi\n\n    if [ $1 -ne 0 ]\n    then\n        shift\n        error \"$*\"\n    fi\n}\n\nforce_remove () # $@ is some paths\n{\n    test $# -ge 1\n    assert $? \"force_remove() requires at least one parameter\"\n    rm -fr $@\n    assert $? \"couldn't remove $@\"\n}\n\ncopy () # $1 is a source, $2 is a destination\n{\n    test $# -eq 2\n    assert $? \"copy() requires two parameters\"\n    ditto \"$1\" \"$2\"\n    assert $? \"couldn't copy $1 to $2\"\n}\n\nrequire () # $1 is a SFML module like 'system' or 'audio'\n{\n    dest=\"$BUILT_PRODUCTS_DIR/$FRAMEWORKS_FOLDER_PATH/\"\n\n    if [ -z \"$1\" ]\n    then\n        error \"require() requires one parameter!\"\n    else\n        # clean potentially old stuff\n        force_remove \"$dest/libsfml-$1\"*\n        force_remove \"$dest/sfml-$1.framework\"\n\n        # copy SFML libraries\n        if [ \"$frameworks\" = \"true\" ]\n        then\n            source=\"$CMAKE_INSTALL_FRAMEWORK_PREFIX/sfml-$1.framework\"\n            target=\"sfml-$1.framework\"\n        elif [ \"$SFML_LINK_DYLIBS_SUFFIX\" = \"-d\" ]\n        then\n            source=\"$CMAKE_INSTALL_LIB_PREFIX/libsfml-$1-d.dylib\"\n            target=\"`readlink $source`\"\n        else\n            source=\"$CMAKE_INSTALL_LIB_PREFIX/libsfml-$1.dylib\"\n            target=\"`readlink $source`\"\n        fi\n\n        copy \"$source\" \"$dest/$target\"\n\n        # copy extra dependencies\n        if [ \"$1\" = \"audio\" ]\n        then\n            # copy \"FLAC\" \"ogg\" \"vorbis\" \"vorbisenc\" \"vorbisfile\" \"OpenAL\" frameworks too\n            for f in \"FLAC\" \"ogg\" \"vorbis\" \"vorbisenc\" \"vorbisfile\" \"OpenAL\"\n            do\n                copy \"$SFML_DEPENDENCIES_INSTALL_PREFIX/$f.framework\" \"$dest/$f.framework\"\n            done\n        elif [ \"$1\" = \"graphics\" ]\n        then\n            copy \"$SFML_DEPENDENCIES_INSTALL_PREFIX/freetype.framework\" \"$dest/freetype.framework\"\n        fi\n    fi\n}\n\nif [ -n \"$SFML_SYSTEM\" ]\nthen\n    require \"system\"\nfi\n\nif [ -n \"$SFML_AUDIO\" ]\nthen\n    require \"audio\"\nfi\n\nif [ -n \"$SFML_NETWORK\" ]\nthen\n    require \"network\"\nfi\n\nif [ -n \"$SFML_WINDOW\" ]\nthen\n    require \"window\"\nfi\n\nif [ -n \"$SFML_GRAPHICS\" ]\nthen\n    require \"graphics\"\nfi\n\n                ";
		};
/* End PBXShellScriptBuildPhase section */

/* Begin PBXSourcesBuildPhase section */
		DDD0987D212A1FCD00E58C1F /* Sources */ = {
			isa = PBXSourcesBuildPhase;
			buildActionMask = 2147483647;
			files = (
				DD7C8CB22147E6930040CB24 /* NovelLibrary.cpp in Sources */,
				DD7C8CA72147D2C50040CB24 /* Audio.cpp in Sources */,
				DDC61FB1213347B6000A23A6 /* StaticMethods.cpp in Sources */,
				DD7C8CB721483F6C0040CB24 /* Character.cpp in Sources */,
				DDC61FA82132A5E4000A23A6 /* EntitySystem.cpp in Sources */,
				DD849B102139725C00FAFD15 /* NovelSomeScript.cpp in Sources */,
				DD849AF42138B68F00FAFD15 /* Novel.cpp in Sources */,
				DD2B0F1F21433E3800D6A1CE /* NovelSystem.cpp in Sources */,
				DDC61FAE2132AA1F000A23A6 /* TestComponents.cpp in Sources */,
				DD7C8CAA2147DC080040CB24 /* Dialogue.cpp in Sources */,
				DD2B0F222143462A00D6A1CE /* EssentialComponents.cpp in Sources */,
				DD7C8CA42147D2A30040CB24 /* GUI.cpp in Sources */,
				DDD0988B212A1FCD00E58C1F /* main.cpp in Sources */,
				DD7C8CB42147E6D70040CB24 /* NovelUpdate.cpp in Sources */,
				DDD09888212A1FCD00E58C1F /* ResourcePath.mm in Sources */,
				DD849AFC2139695E00FAFD15 /* ResourcePath.cpp in Sources */,
				DD849AFA2139452100FAFD15 /* Base.cpp in Sources */,
				DDA8934A213C950E00D8EF7B /* List.cpp in Sources */,
				DD7C8CAD2147DC410040CB24 /* Background.cpp in Sources */,
				DD7C8CB02147E11F0040CB24 /* Misc.cpp in Sources */,
			);
			runOnlyForDeploymentPostprocessing = 0;
		};
/* End PBXSourcesBuildPhase section */

/* Begin XCBuildConfiguration section */
		DDD09895212A1FCD00E58C1F /* Debug */ = {
			isa = XCBuildConfiguration;
			buildSettings = {
				ARCHS = "$(NATIVE_ARCH_ACTUAL)";
				CLANG_CXX_LANGUAGE_STANDARD = "c++11";
				CLANG_CXX_LIBRARY = "libc++";
				FRAMEWORK_SEARCH_PATHS = (
					/Library/Frameworks/,
					"$(inherited)",
				);
				GCC_VERSION = com.apple.compilers.llvm.clang.1_0;
				HEADER_SEARCH_PATHS = (
					/usr/local/include/,
					"$(inherited)",
					/Users/mayday/Developer/Includes,
					"(macOS)/mpg123-1.25.10/src/libmpg123",
				);
				LIBRARY_SEARCH_PATHS = (
					/usr/local/lib/,
					"$(inherited)",
				);
				MACOSX_DEPLOYMENT_TARGET = 10.7;
				OTHER_LDFLAGS = (
					"$(inherited)",
					"$(SFML_SYSTEM)",
					"$(SFML_WINDOW)",
					"$(SFML_GRAPHICS)",
					"$(SFML_AUDIO)",
					"$(SFML_NETWORK)",
				);
				SFML_AUDIO = "$(SFML_LINK_PREFIX) sfml-audio$(SFML_LINK_SUFFIX)";
				SFML_BINARY_TYPE = FRAMEWORKS;
				SFML_GRAPHICS = "$(SFML_LINK_PREFIX) sfml-graphics$(SFML_LINK_SUFFIX)";
				SFML_LINK_DYLIBS_PREFIX = "-l";
				SFML_LINK_DYLIBS_SUFFIX = "";
				SFML_LINK_FRAMEWORKS_PREFIX = "-framework";
				SFML_LINK_FRAMEWORKS_SUFFIX = "";
				SFML_LINK_PREFIX = "$(SFML_LINK_$(SFML_BINARY_TYPE)_PREFIX)";
				SFML_LINK_SUFFIX = "$(SFML_LINK_$(SFML_BINARY_TYPE)_SUFFIX)";
				SFML_NETWORK = "$(SFML_LINK_PREFIX) sfml-network$(SFML_LINK_SUFFIX)";
				SFML_SYSTEM = "$(SFML_LINK_PREFIX) sfml-system$(SFML_LINK_SUFFIX)";
				SFML_WINDOW = "$(SFML_LINK_PREFIX) sfml-window$(SFML_LINK_SUFFIX)";
				SUPPORTED_PLATFORMS = macosx;
			};
			name = Debug;
		};
		DDD09896212A1FCD00E58C1F /* Release */ = {
			isa = XCBuildConfiguration;
			buildSettings = {
				ARCHS = "$(NATIVE_ARCH_ACTUAL)";
				CLANG_CXX_LANGUAGE_STANDARD = "c++11";
				CLANG_CXX_LIBRARY = "libc++";
				FRAMEWORK_SEARCH_PATHS = (
					/Library/Frameworks/,
					"$(inherited)",
				);
				GCC_VERSION = com.apple.compilers.llvm.clang.1_0;
				HEADER_SEARCH_PATHS = (
					/usr/local/include/,
					"$(inherited)",
					/Users/mayday/Developer/Includes,
					"(macOS)/mpg123-1.25.10/src/libmpg123",
				);
				LIBRARY_SEARCH_PATHS = (
					/usr/local/lib/,
					"$(inherited)",
				);
				MACOSX_DEPLOYMENT_TARGET = 10.7;
				OTHER_LDFLAGS = (
					"$(inherited)",
					"$(SFML_SYSTEM)",
					"$(SFML_WINDOW)",
					"$(SFML_GRAPHICS)",
					"$(SFML_AUDIO)",
					"$(SFML_NETWORK)",
				);
				SFML_AUDIO = "$(SFML_LINK_PREFIX) sfml-audio$(SFML_LINK_SUFFIX)";
				SFML_BINARY_TYPE = FRAMEWORKS;
				SFML_GRAPHICS = "$(SFML_LINK_PREFIX) sfml-graphics$(SFML_LINK_SUFFIX)";
				SFML_LINK_DYLIBS_PREFIX = "-l";
				SFML_LINK_DYLIBS_SUFFIX = "";
				SFML_LINK_FRAMEWORKS_PREFIX = "-framework";
				SFML_LINK_FRAMEWORKS_SUFFIX = "";
				SFML_LINK_PREFIX = "$(SFML_LINK_$(SFML_BINARY_TYPE)_PREFIX)";
				SFML_LINK_SUFFIX = "$(SFML_LINK_$(SFML_BINARY_TYPE)_SUFFIX)";
				SFML_NETWORK = "$(SFML_LINK_PREFIX) sfml-network$(SFML_LINK_SUFFIX)";
				SFML_SYSTEM = "$(SFML_LINK_PREFIX) sfml-system$(SFML_LINK_SUFFIX)";
				SFML_WINDOW = "$(SFML_LINK_PREFIX) sfml-window$(SFML_LINK_SUFFIX)";
				SUPPORTED_PLATFORMS = macosx;
			};
			name = Release;
		};
		DDD09898212A1FCD00E58C1F /* Debug */ = {
			isa = XCBuildConfiguration;
			buildSettings = {
				ASSETCATALOG_COMPILER_APPICON_NAME = AppIcon;
				CODE_SIGN_STYLE = Automatic;
				DEVELOPMENT_TEAM = A2VZ8FCF86;
				INFOPLIST_FILE = "NovelSome/NovelSome-Info.plist";
				LD_RUNPATH_SEARCH_PATHS = "@loader_path/../Frameworks";
				PRODUCT_NAME = "$(TARGET_NAME)";
			};
			name = Debug;
		};
		DDD09899212A1FCD00E58C1F /* Release */ = {
			isa = XCBuildConfiguration;
			buildSettings = {
				ASSETCATALOG_COMPILER_APPICON_NAME = AppIcon;
				CODE_SIGN_STYLE = Automatic;
				DEVELOPMENT_TEAM = A2VZ8FCF86;
				INFOPLIST_FILE = "NovelSome/NovelSome-Info.plist";
				LD_RUNPATH_SEARCH_PATHS = "@loader_path/../Frameworks";
				PRODUCT_NAME = "$(TARGET_NAME)";
			};
			name = Release;
		};
/* End XCBuildConfiguration section */

/* Begin XCConfigurationList section */
		DDD0987C212A1FCD00E58C1F /* Build configuration list for PBXProject "NovelSome" */ = {
			isa = XCConfigurationList;
			buildConfigurations = (
				DDD09895212A1FCD00E58C1F /* Debug */,
				DDD09896212A1FCD00E58C1F /* Release */,
			);
			defaultConfigurationIsVisible = 0;
			defaultConfigurationName = Release;
		};
		DDD09897212A1FCD00E58C1F /* Build configuration list for PBXNativeTarget "NovelSome" */ = {
			isa = XCConfigurationList;
			buildConfigurations = (
				DDD09898212A1FCD00E58C1F /* Debug */,
				DDD09899212A1FCD00E58C1F /* Release */,
			);
			defaultConfigurationIsVisible = 0;
			defaultConfigurationName = Release;
		};
/* End XCConfigurationList section */
	};
	rootObject = DDD09879212A1FCD00E58C1F /* Project object */;
}
